
Microsoft Visual Studio Solution File, Format Version 12.00
# Visual Studio Version 17
VisualStudioVersion = 17.7.34009.444
MinimumVisualStudioVersion = 10.0.40219.1
Project("{FAE04EC0-301F-11D3-BF4B-00C04F79EFBC}") = "BulkyBook.Web", "BulkyBook.Web\BulkyBook.Web.csproj", "{5E4D89B7-0667-4469-A705-F338D35FFFC4}"
EndProject
Global
	GlobalSection(SolutionConfigurationPlatforms) = preSolution
		Debug|Any CPU = Debug|Any CPU
		Release|Any CPU = Release|Any CPU
	EndGlobalSection
	GlobalSection(ProjectConfigurationPlatforms) = postSolution
		{5E4D89B7-0667-4469-A705-F338D35FFFC4}.Debug|Any CPU.ActiveCfg = Debug|Any CPU
		{5E4D89B7-0667-4469-A705-F338D35FFFC4}.Debug|Any CPU.Build.0 = Debug|Any CPU
		{5E4D89B7-0667-4469-A705-F338D35FFFC4}.Release|Any CPU.ActiveCfg = Release|Any CPU
		{5E4D89B7-0667-4469-A705-F338D35FFFC4}.Release|Any CPU.Build.0 = Release|Any CPU
	EndGlobalSection
	GlobalSection(SolutionProperties) = preSolution
		HideSolutionNode = FALSE
	EndGlobalSection
	GlobalSection(ExtensibilityGlobals) = postSolution
		SolutionGuid = {38818AEC-1593-4687-A484-D7580620994D}
	EndGlobalSection
EndGlobal
